
Microsoft Visual Studio Solution File, Format Version 12.00
# Visual Studio 2010
Project("{FAE04EC0-301F-11D3-BF4B-00C04F79EFBC}") = "SinoSZToolInputModelDefine", "SinoSZToolInputModelDefine\SinoSZToolInputModelDefine.csproj", "{D97052E9-CCCA-43F2-87BD-3BF476B28DC5}"
EndProject
Project("{FAE04EC0-301F-11D3-BF4B-00C04F79EFBC}") = "SinoSZJS.Base", "SinoSZJS.Base\SinoSZJS.Base.csproj", "{76FC4ED1-A1D0-4167-9C82-2B69EFF6A33B}"
EndProject
Project("{FAE04EC0-301F-11D3-BF4B-00C04F79EFBC}") = "SinoSZJS.CS.BizMetaDataManager", "SinoSZJS.CS.BizMetaDataManager\SinoSZJS.CS.BizMetaDataManager.csproj", "{FC8882DB-9DD2-4323-94D4-2EB1BAA77972}"
EndProject
Project("{FAE04EC0-301F-11D3-BF4B-00C04F79EFBC}") = "SinoSZJS.DataAccess.Sql", "SinoSZJS.DataAccess.Sql\SinoSZJS.DataAccess.Sql.csproj", "{0CCDAD03-D337-4437-BD04-62FFFD03681A}"
EndProject
Project("{2150E333-8FDC-42A3-9474-1A3956D46DE8}") = "Script", "Script", "{45C904A3-E2E7-4A49-9B02-19172E0542B0}"
	ProjectSection(SolutionItems) = preProject
		Procedure.sql = Procedure.sql
	EndProjectSection
EndProject
Project("{FAE04EC0-301F-11D3-BF4B-00C04F79EFBC}") = "SinoSZPluginFramework", "SinoSZPluginFramework\SinoSZPluginFramework.csproj", "{C855A639-511E-4B4F-8A71-3224083C5D40}"
EndProject
Project("{FAE04EC0-301F-11D3-BF4B-00C04F79EFBC}") = "aehyok.BizMetaData", "aehyok.BizMetaData\aehyok.BizMetaData.csproj", "{D7168857-3587-4BA9-8C2F-1D53390109AF}"
EndProject
Project("{FAE04EC0-301F-11D3-BF4B-00C04F79EFBC}") = "aehyok.Dapper", "aehyok.Dapper\aehyok.Dapper.csproj", "{E9097E32-CE89-4159-AE71-3397D5FFB9FE}"
EndProject
Global
	GlobalSection(SolutionConfigurationPlatforms) = preSolution
		Debug|Any CPU = Debug|Any CPU
		Debug|Mixed Platforms = Debug|Mixed Platforms
		Debug|x86 = Debug|x86
		FsDiSys|Any CPU = FsDiSys|Any CPU
		FsDiSys|Mixed Platforms = FsDiSys|Mixed Platforms
		FsDiSys|x86 = FsDiSys|x86
		FsDiSystem|Any CPU = FsDiSystem|Any CPU
		FsDiSystem|Mixed Platforms = FsDiSystem|Mixed Platforms
		FsDiSystem|x86 = FsDiSystem|x86
		JSCASys|Any CPU = JSCASys|Any CPU
		JSCASys|Mixed Platforms = JSCASys|Mixed Platforms
		JSCASys|x86 = JSCASys|x86
		Release|Any CPU = Release|Any CPU
		Release|Mixed Platforms = Release|Mixed Platforms
		Release|x86 = Release|x86
		SHThread|Any CPU = SHThread|Any CPU
		SHThread|Mixed Platforms = SHThread|Mixed Platforms
		SHThread|x86 = SHThread|x86
		SinoSZWebVss|Any CPU = SinoSZWebVss|Any CPU
		SinoSZWebVss|Mixed Platforms = SinoSZWebVss|Mixed Platforms
		SinoSZWebVss|x86 = SinoSZWebVss|x86
		SZZHSys|Any CPU = SZZHSys|Any CPU
		SZZHSys|Mixed Platforms = SZZHSys|Mixed Platforms
		SZZHSys|x86 = SZZHSys|x86
		X86|Any CPU = X86|Any CPU
		X86|Mixed Platforms = X86|Mixed Platforms
		X86|x86 = X86|x86
	EndGlobalSection
	GlobalSection(ProjectConfigurationPlatforms) = postSolution
		{D97052E9-CCCA-43F2-87BD-3BF476B28DC5}.Debug|Any CPU.ActiveCfg = Debug|Any CPU
		{D97052E9-CCCA-43F2-87BD-3BF476B28DC5}.Debug|Any CPU.Build.0 = Debug|Any CPU
		{D97052E9-CCCA-43F2-87BD-3BF476B28DC5}.Debug|Mixed Platforms.ActiveCfg = Debug|Any CPU
		{D97052E9-CCCA-43F2-87BD-3BF476B28DC5}.Debug|Mixed Platforms.Build.0 = Debug|Any CPU
		{D97052E9-CCCA-43F2-87BD-3BF476B28DC5}.Debug|x86.ActiveCfg = Debug|Any CPU
		{D97052E9-CCCA-43F2-87BD-3BF476B28DC5}.FsDiSys|Any CPU.ActiveCfg = Release|Any CPU
		{D97052E9-CCCA-43F2-87BD-3BF476B28DC5}.FsDiSys|Any CPU.Build.0 = Release|Any CPU
		{D97052E9-CCCA-43F2-87BD-3BF476B28DC5}.FsDiSys|Mixed Platforms.ActiveCfg = Release|Any CPU
		{D97052E9-CCCA-43F2-87BD-3BF476B28DC5}.FsDiSys|Mixed Platforms.Build.0 = Release|Any CPU
		{D97052E9-CCCA-43F2-87BD-3BF476B28DC5}.FsDiSys|x86.ActiveCfg = Release|Any CPU
		{D97052E9-CCCA-43F2-87BD-3BF476B28DC5}.FsDiSystem|Any CPU.ActiveCfg = Release|Any CPU
		{D97052E9-CCCA-43F2-87BD-3BF476B28DC5}.FsDiSystem|Any CPU.Build.0 = Release|Any CPU
		{D97052E9-CCCA-43F2-87BD-3BF476B28DC5}.FsDiSystem|Mixed Platforms.ActiveCfg = Release|Any CPU
		{D97052E9-CCCA-43F2-87BD-3BF476B28DC5}.FsDiSystem|Mixed Platforms.Build.0 = Release|Any CPU
		{D97052E9-CCCA-43F2-87BD-3BF476B28DC5}.FsDiSystem|x86.ActiveCfg = Release|Any CPU
		{D97052E9-CCCA-43F2-87BD-3BF476B28DC5}.JSCASys|Any CPU.ActiveCfg = Release|Any CPU
		{D97052E9-CCCA-43F2-87BD-3BF476B28DC5}.JSCASys|Any CPU.Build.0 = Release|Any CPU
		{D97052E9-CCCA-43F2-87BD-3BF476B28DC5}.JSCASys|Mixed Platforms.ActiveCfg = Release|Any CPU
		{D97052E9-CCCA-43F2-87BD-3BF476B28DC5}.JSCASys|Mixed Platforms.Build.0 = Release|Any CPU
		{D97052E9-CCCA-43F2-87BD-3BF476B28DC5}.JSCASys|x86.ActiveCfg = Release|Any CPU
		{D97052E9-CCCA-43F2-87BD-3BF476B28DC5}.Release|Any CPU.ActiveCfg = Release|Any CPU
		{D97052E9-CCCA-43F2-87BD-3BF476B28DC5}.Release|Any CPU.Build.0 = Release|Any CPU
		{D97052E9-CCCA-43F2-87BD-3BF476B28DC5}.Release|Mixed Platforms.ActiveCfg = Release|Any CPU
		{D97052E9-CCCA-43F2-87BD-3BF476B28DC5}.Release|Mixed Platforms.Build.0 = Release|Any CPU
		{D97052E9-CCCA-43F2-87BD-3BF476B28DC5}.Release|x86.ActiveCfg = Release|Any CPU
		{D97052E9-CCCA-43F2-87BD-3BF476B28DC5}.SHThread|Any CPU.ActiveCfg = Release|Any CPU
		{D97052E9-CCCA-43F2-87BD-3BF476B28DC5}.SHThread|Any CPU.Build.0 = Release|Any CPU
		{D97052E9-CCCA-43F2-87BD-3BF476B28DC5}.SHThread|Mixed Platforms.ActiveCfg = Release|Any CPU
		{D97052E9-CCCA-43F2-87BD-3BF476B28DC5}.SHThread|Mixed Platforms.Build.0 = Release|Any CPU
		{D97052E9-CCCA-43F2-87BD-3BF476B28DC5}.SHThread|x86.ActiveCfg = Release|Any CPU
		{D97052E9-CCCA-43F2-87BD-3BF476B28DC5}.SinoSZWebVss|Any CPU.ActiveCfg = Release|Any CPU
		{D97052E9-CCCA-43F2-87BD-3BF476B28DC5}.SinoSZWebVss|Any CPU.Build.0 = Release|Any CPU
		{D97052E9-CCCA-43F2-87BD-3BF476B28DC5}.SinoSZWebVss|Mixed Platforms.ActiveCfg = Release|Any CPU
		{D97052E9-CCCA-43F2-87BD-3BF476B28DC5}.SinoSZWebVss|Mixed Platforms.Build.0 = Release|Any CPU
		{D97052E9-CCCA-43F2-87BD-3BF476B28DC5}.SinoSZWebVss|x86.ActiveCfg = Release|Any CPU
		{D97052E9-CCCA-43F2-87BD-3BF476B28DC5}.SZZHSys|Any CPU.ActiveCfg = Release|Any CPU
		{D97052E9-CCCA-43F2-87BD-3BF476B28DC5}.SZZHSys|Any CPU.Build.0 = Release|Any CPU
		{D97052E9-CCCA-43F2-87BD-3BF476B28DC5}.SZZHSys|Mixed Platforms.ActiveCfg = Release|Any CPU
		{D97052E9-CCCA-43F2-87BD-3BF476B28DC5}.SZZHSys|Mixed Platforms.Build.0 = Release|Any CPU
		{D97052E9-CCCA-43F2-87BD-3BF476B28DC5}.SZZHSys|x86.ActiveCfg = Release|Any CPU
		{D97052E9-CCCA-43F2-87BD-3BF476B28DC5}.X86|Any CPU.ActiveCfg = Release|Any CPU
		{D97052E9-CCCA-43F2-87BD-3BF476B28DC5}.X86|Any CPU.Build.0 = Release|Any CPU
		{D97052E9-CCCA-43F2-87BD-3BF476B28DC5}.X86|Mixed Platforms.ActiveCfg = Release|Any CPU
		{D97052E9-CCCA-43F2-87BD-3BF476B28DC5}.X86|Mixed Platforms.Build.0 = Release|Any CPU
		{D97052E9-CCCA-43F2-87BD-3BF476B28DC5}.X86|x86.ActiveCfg = Release|Any CPU
		{76FC4ED1-A1D0-4167-9C82-2B69EFF6A33B}.Debug|Any CPU.ActiveCfg = Debug|Any CPU
		{76FC4ED1-A1D0-4167-9C82-2B69EFF6A33B}.Debug|Any CPU.Build.0 = Debug|Any CPU
		{76FC4ED1-A1D0-4167-9C82-2B69EFF6A33B}.Debug|Mixed Platforms.ActiveCfg = Debug|x86
		{76FC4ED1-A1D0-4167-9C82-2B69EFF6A33B}.Debug|Mixed Platforms.Build.0 = Debug|x86
		{76FC4ED1-A1D0-4167-9C82-2B69EFF6A33B}.Debug|x86.ActiveCfg = Debug|x86
		{76FC4ED1-A1D0-4167-9C82-2B69EFF6A33B}.Debug|x86.Build.0 = Debug|x86
		{76FC4ED1-A1D0-4167-9C82-2B69EFF6A33B}.FsDiSys|Any CPU.ActiveCfg = Release|x86
		{76FC4ED1-A1D0-4167-9C82-2B69EFF6A33B}.FsDiSys|Mixed Platforms.ActiveCfg = Release|x86
		{76FC4ED1-A1D0-4167-9C82-2B69EFF6A33B}.FsDiSys|Mixed Platforms.Build.0 = Release|x86
		{76FC4ED1-A1D0-4167-9C82-2B69EFF6A33B}.FsDiSys|x86.ActiveCfg = Release|x86
		{76FC4ED1-A1D0-4167-9C82-2B69EFF6A33B}.FsDiSys|x86.Build.0 = Release|x86
		{76FC4ED1-A1D0-4167-9C82-2B69EFF6A33B}.FsDiSystem|Any CPU.ActiveCfg = Release|x86
		{76FC4ED1-A1D0-4167-9C82-2B69EFF6A33B}.FsDiSystem|Mixed Platforms.ActiveCfg = Release|x86
		{76FC4ED1-A1D0-4167-9C82-2B69EFF6A33B}.FsDiSystem|Mixed Platforms.Build.0 = Release|x86
		{76FC4ED1-A1D0-4167-9C82-2B69EFF6A33B}.FsDiSystem|x86.ActiveCfg = Release|x86
		{76FC4ED1-A1D0-4167-9C82-2B69EFF6A33B}.FsDiSystem|x86.Build.0 = Release|x86
		{76FC4ED1-A1D0-4167-9C82-2B69EFF6A33B}.JSCASys|Any CPU.ActiveCfg = Release|x86
		{76FC4ED1-A1D0-4167-9C82-2B69EFF6A33B}.JSCASys|Mixed Platforms.ActiveCfg = Release|x86
		{76FC4ED1-A1D0-4167-9C82-2B69EFF6A33B}.JSCASys|Mixed Platforms.Build.0 = Release|x86
		{76FC4ED1-A1D0-4167-9C82-2B69EFF6A33B}.JSCASys|x86.ActiveCfg = Release|x86
		{76FC4ED1-A1D0-4167-9C82-2B69EFF6A33B}.JSCASys|x86.Build.0 = Release|x86
		{76FC4ED1-A1D0-4167-9C82-2B69EFF6A33B}.Release|Any CPU.ActiveCfg = Release|Any CPU
		{76FC4ED1-A1D0-4167-9C82-2B69EFF6A33B}.Release|Any CPU.Build.0 = Release|Any CPU
		{76FC4ED1-A1D0-4167-9C82-2B69EFF6A33B}.Release|Mixed Platforms.ActiveCfg = Release|x86
		{76FC4ED1-A1D0-4167-9C82-2B69EFF6A33B}.Release|Mixed Platforms.Build.0 = Release|x86
		{76FC4ED1-A1D0-4167-9C82-2B69EFF6A33B}.Release|x86.ActiveCfg = Release|x86
		{76FC4ED1-A1D0-4167-9C82-2B69EFF6A33B}.Release|x86.Build.0 = Release|x86
		{76FC4ED1-A1D0-4167-9C82-2B69EFF6A33B}.SHThread|Any CPU.ActiveCfg = Release|x86
		{76FC4ED1-A1D0-4167-9C82-2B69EFF6A33B}.SHThread|Mixed Platforms.ActiveCfg = Release|x86
		{76FC4ED1-A1D0-4167-9C82-2B69EFF6A33B}.SHThread|Mixed Platforms.Build.0 = Release|x86
		{76FC4ED1-A1D0-4167-9C82-2B69EFF6A33B}.SHThread|x86.ActiveCfg = Release|x86
		{76FC4ED1-A1D0-4167-9C82-2B69EFF6A33B}.SHThread|x86.Build.0 = Release|x86
		{76FC4ED1-A1D0-4167-9C82-2B69EFF6A33B}.SinoSZWebVss|Any CPU.ActiveCfg = Release|x86
		{76FC4ED1-A1D0-4167-9C82-2B69EFF6A33B}.SinoSZWebVss|Mixed Platforms.ActiveCfg = Release|x86
		{76FC4ED1-A1D0-4167-9C82-2B69EFF6A33B}.SinoSZWebVss|Mixed Platforms.Build.0 = Release|x86
		{76FC4ED1-A1D0-4167-9C82-2B69EFF6A33B}.SinoSZWebVss|x86.ActiveCfg = Release|x86
		{76FC4ED1-A1D0-4167-9C82-2B69EFF6A33B}.SinoSZWebVss|x86.Build.0 = Release|x86
		{76FC4ED1-A1D0-4167-9C82-2B69EFF6A33B}.SZZHSys|Any CPU.ActiveCfg = Release|x86
		{76FC4ED1-A1D0-4167-9C82-2B69EFF6A33B}.SZZHSys|Mixed Platforms.ActiveCfg = Release|x86
		{76FC4ED1-A1D0-4167-9C82-2B69EFF6A33B}.SZZHSys|Mixed Platforms.Build.0 = Release|x86
		{76FC4ED1-A1D0-4167-9C82-2B69EFF6A33B}.SZZHSys|x86.ActiveCfg = Release|x86
		{76FC4ED1-A1D0-4167-9C82-2B69EFF6A33B}.SZZHSys|x86.Build.0 = Release|x86
		{76FC4ED1-A1D0-4167-9C82-2B69EFF6A33B}.X86|Any CPU.ActiveCfg = Release|x86
		{76FC4ED1-A1D0-4167-9C82-2B69EFF6A33B}.X86|Mixed Platforms.ActiveCfg = Release|x86
		{76FC4ED1-A1D0-4167-9C82-2B69EFF6A33B}.X86|Mixed Platforms.Build.0 = Release|x86
		{76FC4ED1-A1D0-4167-9C82-2B69EFF6A33B}.X86|x86.ActiveCfg = Release|x86
		{76FC4ED1-A1D0-4167-9C82-2B69EFF6A33B}.X86|x86.Build.0 = Release|x86
		{FC8882DB-9DD2-4323-94D4-2EB1BAA77972}.Debug|Any CPU.ActiveCfg = Debug|Any CPU
		{FC8882DB-9DD2-4323-94D4-2EB1BAA77972}.Debug|Any CPU.Build.0 = Debug|Any CPU
		{FC8882DB-9DD2-4323-94D4-2EB1BAA77972}.Debug|Mixed Platforms.ActiveCfg = Debug|Any CPU
		{FC8882DB-9DD2-4323-94D4-2EB1BAA77972}.Debug|Mixed Platforms.Build.0 = Debug|Any CPU
		{FC8882DB-9DD2-4323-94D4-2EB1BAA77972}.Debug|x86.ActiveCfg = Debug|Any CPU
		{FC8882DB-9DD2-4323-94D4-2EB1BAA77972}.FsDiSys|Any CPU.ActiveCfg = Release|Any CPU
		{FC8882DB-9DD2-4323-94D4-2EB1BAA77972}.FsDiSys|Any CPU.Build.0 = Release|Any CPU
		{FC8882DB-9DD2-4323-94D4-2EB1BAA77972}.FsDiSys|Mixed Platforms.ActiveCfg = Release|Any CPU
		{FC8882DB-9DD2-4323-94D4-2EB1BAA77972}.FsDiSys|Mixed Platforms.Build.0 = Release|Any CPU
		{FC8882DB-9DD2-4323-94D4-2EB1BAA77972}.FsDiSys|x86.ActiveCfg = Release|Any CPU
		{FC8882DB-9DD2-4323-94D4-2EB1BAA77972}.FsDiSystem|Any CPU.ActiveCfg = Release|Any CPU
		{FC8882DB-9DD2-4323-94D4-2EB1BAA77972}.FsDiSystem|Any CPU.Build.0 = Release|Any CPU
		{FC8882DB-9DD2-4323-94D4-2EB1BAA77972}.FsDiSystem|Mixed Platforms.ActiveCfg = Release|Any CPU
		{FC8882DB-9DD2-4323-94D4-2EB1BAA77972}.FsDiSystem|Mixed Platforms.Build.0 = Release|Any CPU
		{FC8882DB-9DD2-4323-94D4-2EB1BAA77972}.FsDiSystem|x86.ActiveCfg = Release|Any CPU
		{FC8882DB-9DD2-4323-94D4-2EB1BAA77972}.JSCASys|Any CPU.ActiveCfg = Release|Any CPU
		{FC8882DB-9DD2-4323-94D4-2EB1BAA77972}.JSCASys|Any CPU.Build.0 = Release|Any CPU
		{FC8882DB-9DD2-4323-94D4-2EB1BAA77972}.JSCASys|Mixed Platforms.ActiveCfg = Release|Any CPU
		{FC8882DB-9DD2-4323-94D4-2EB1BAA77972}.JSCASys|Mixed Platforms.Build.0 = Release|Any CPU
		{FC8882DB-9DD2-4323-94D4-2EB1BAA77972}.JSCASys|x86.ActiveCfg = Release|Any CPU
		{FC8882DB-9DD2-4323-94D4-2EB1BAA77972}.Release|Any CPU.ActiveCfg = Release|Any CPU
		{FC8882DB-9DD2-4323-94D4-2EB1BAA77972}.Release|Any CPU.Build.0 = Release|Any CPU
		{FC8882DB-9DD2-4323-94D4-2EB1BAA77972}.Release|Mixed Platforms.ActiveCfg = Release|Any CPU
		{FC8882DB-9DD2-4323-94D4-2EB1BAA77972}.Release|Mixed Platforms.Build.0 = Release|Any CPU
		{FC8882DB-9DD2-4323-94D4-2EB1BAA77972}.Release|x86.ActiveCfg = Release|Any CPU
		{FC8882DB-9DD2-4323-94D4-2EB1BAA77972}.SHThread|Any CPU.ActiveCfg = Release|Any CPU
		{FC8882DB-9DD2-4323-94D4-2EB1BAA77972}.SHThread|Any CPU.Build.0 = Release|Any CPU
		{FC8882DB-9DD2-4323-94D4-2EB1BAA77972}.SHThread|Mixed Platforms.ActiveCfg = Release|Any CPU
		{FC8882DB-9DD2-4323-94D4-2EB1BAA77972}.SHThread|Mixed Platforms.Build.0 = Release|Any CPU
		{FC8882DB-9DD2-4323-94D4-2EB1BAA77972}.SHThread|x86.ActiveCfg = Release|Any CPU
		{FC8882DB-9DD2-4323-94D4-2EB1BAA77972}.SinoSZWebVss|Any CPU.ActiveCfg = Release|Any CPU
		{FC8882DB-9DD2-4323-94D4-2EB1BAA77972}.SinoSZWebVss|Any CPU.Build.0 = Release|Any CPU
		{FC8882DB-9DD2-4323-94D4-2EB1BAA77972}.SinoSZWebVss|Mixed Platforms.ActiveCfg = Release|Any CPU
		{FC8882DB-9DD2-4323-94D4-2EB1BAA77972}.SinoSZWebVss|Mixed Platforms.Build.0 = Release|Any CPU
		{FC8882DB-9DD2-4323-94D4-2EB1BAA77972}.SinoSZWebVss|x86.ActiveCfg = Release|Any CPU
		{FC8882DB-9DD2-4323-94D4-2EB1BAA77972}.SZZHSys|Any CPU.ActiveCfg = Release|Any CPU
		{FC8882DB-9DD2-4323-94D4-2EB1BAA77972}.SZZHSys|Any CPU.Build.0 = Release|Any CPU
		{FC8882DB-9DD2-4323-94D4-2EB1BAA77972}.SZZHSys|Mixed Platforms.ActiveCfg = Release|Any CPU
		{FC8882DB-9DD2-4323-94D4-2EB1BAA77972}.SZZHSys|Mixed Platforms.Build.0 = Release|Any CPU
		{FC8882DB-9DD2-4323-94D4-2EB1BAA77972}.SZZHSys|x86.ActiveCfg = Release|Any CPU
		{FC8882DB-9DD2-4323-94D4-2EB1BAA77972}.X86|Any CPU.ActiveCfg = Release|Any CPU
		{FC8882DB-9DD2-4323-94D4-2EB1BAA77972}.X86|Any CPU.Build.0 = Release|Any CPU
		{FC8882DB-9DD2-4323-94D4-2EB1BAA77972}.X86|Mixed Platforms.ActiveCfg = Release|Any CPU
		{FC8882DB-9DD2-4323-94D4-2EB1BAA77972}.X86|Mixed Platforms.Build.0 = Release|Any CPU
		{FC8882DB-9DD2-4323-94D4-2EB1BAA77972}.X86|x86.ActiveCfg = Release|Any CPU
		{0CCDAD03-D337-4437-BD04-62FFFD03681A}.Debug|Any CPU.ActiveCfg = Debug|Any CPU
		{0CCDAD03-D337-4437-BD04-62FFFD03681A}.Debug|Any CPU.Build.0 = Debug|Any CPU
		{0CCDAD03-D337-4437-BD04-62FFFD03681A}.Debug|Mixed Platforms.ActiveCfg = Debug|Any CPU
		{0CCDAD03-D337-4437-BD04-62FFFD03681A}.Debug|Mixed Platforms.Build.0 = Debug|Any CPU
		{0CCDAD03-D337-4437-BD04-62FFFD03681A}.Debug|x86.ActiveCfg = Debug|Any CPU
		{0CCDAD03-D337-4437-BD04-62FFFD03681A}.FsDiSys|Any CPU.ActiveCfg = Release|Any CPU
		{0CCDAD03-D337-4437-BD04-62FFFD03681A}.FsDiSys|Any CPU.Build.0 = Release|Any CPU
		{0CCDAD03-D337-4437-BD04-62FFFD03681A}.FsDiSys|Mixed Platforms.ActiveCfg = Release|Any CPU
		{0CCDAD03-D337-4437-BD04-62FFFD03681A}.FsDiSys|Mixed Platforms.Build.0 = Release|Any CPU
		{0CCDAD03-D337-4437-BD04-62FFFD03681A}.FsDiSys|x86.ActiveCfg = Release|Any CPU
		{0CCDAD03-D337-4437-BD04-62FFFD03681A}.FsDiSystem|Any CPU.ActiveCfg = Release|Any CPU
		{0CCDAD03-D337-4437-BD04-62FFFD03681A}.FsDiSystem|Any CPU.Build.0 = Release|Any CPU
		{0CCDAD03-D337-4437-BD04-62FFFD03681A}.FsDiSystem|Mixed Platforms.ActiveCfg = Release|Any CPU
		{0CCDAD03-D337-4437-BD04-62FFFD03681A}.FsDiSystem|Mixed Platforms.Build.0 = Release|Any CPU
		{0CCDAD03-D337-4437-BD04-62FFFD03681A}.FsDiSystem|x86.ActiveCfg = Release|Any CPU
		{0CCDAD03-D337-4437-BD04-62FFFD03681A}.JSCASys|Any CPU.ActiveCfg = Release|Any CPU
		{0CCDAD03-D337-4437-BD04-62FFFD03681A}.JSCASys|Any CPU.Build.0 = Release|Any CPU
		{0CCDAD03-D337-4437-BD04-62FFFD03681A}.JSCASys|Mixed Platforms.ActiveCfg = Release|Any CPU
		{0CCDAD03-D337-4437-BD04-62FFFD03681A}.JSCASys|Mixed Platforms.Build.0 = Release|Any CPU
		{0CCDAD03-D337-4437-BD04-62FFFD03681A}.JSCASys|x86.ActiveCfg = Release|Any CPU
		{0CCDAD03-D337-4437-BD04-62FFFD03681A}.Release|Any CPU.ActiveCfg = Release|Any CPU
		{0CCDAD03-D337-4437-BD04-62FFFD03681A}.Release|Any CPU.Build.0 = Release|Any CPU
		{0CCDAD03-D337-4437-BD04-62FFFD03681A}.Release|Mixed Platforms.ActiveCfg = Release|Any CPU
		{0CCDAD03-D337-4437-BD04-62FFFD03681A}.Release|Mixed Platforms.Build.0 = Release|Any CPU
		{0CCDAD03-D337-4437-BD04-62FFFD03681A}.Release|x86.ActiveCfg = Release|Any CPU
		{0CCDAD03-D337-4437-BD04-62FFFD03681A}.SHThread|Any CPU.ActiveCfg = Release|Any CPU
		{0CCDAD03-D337-4437-BD04-62FFFD03681A}.SHThread|Any CPU.Build.0 = Release|Any CPU
		{0CCDAD03-D337-4437-BD04-62FFFD03681A}.SHThread|Mixed Platforms.ActiveCfg = Release|Any CPU
		{0CCDAD03-D337-4437-BD04-62FFFD03681A}.SHThread|Mixed Platforms.Build.0 = Release|Any CPU
		{0CCDAD03-D337-4437-BD04-62FFFD03681A}.SHThread|x86.ActiveCfg = Release|Any CPU
		{0CCDAD03-D337-4437-BD04-62FFFD03681A}.SinoSZWebVss|Any CPU.ActiveCfg = Release|Any CPU
		{0CCDAD03-D337-4437-BD04-62FFFD03681A}.SinoSZWebVss|Any CPU.Build.0 = Release|Any CPU
		{0CCDAD03-D337-4437-BD04-62FFFD03681A}.SinoSZWebVss|Mixed Platforms.ActiveCfg = Release|Any CPU
		{0CCDAD03-D337-4437-BD04-62FFFD03681A}.SinoSZWebVss|Mixed Platforms.Build.0 = Release|Any CPU
		{0CCDAD03-D337-4437-BD04-62FFFD03681A}.SinoSZWebVss|x86.ActiveCfg = Release|Any CPU
		{0CCDAD03-D337-4437-BD04-62FFFD03681A}.SZZHSys|Any CPU.ActiveCfg = Release|Any CPU
		{0CCDAD03-D337-4437-BD04-62FFFD03681A}.SZZHSys|Any CPU.Build.0 = Release|Any CPU
		{0CCDAD03-D337-4437-BD04-62FFFD03681A}.SZZHSys|Mixed Platforms.ActiveCfg = Release|Any CPU
		{0CCDAD03-D337-4437-BD04-62FFFD03681A}.SZZHSys|Mixed Platforms.Build.0 = Release|Any CPU
		{0CCDAD03-D337-4437-BD04-62FFFD03681A}.SZZHSys|x86.ActiveCfg = Release|Any CPU
		{0CCDAD03-D337-4437-BD04-62FFFD03681A}.X86|Any CPU.ActiveCfg = Release|Any CPU
		{0CCDAD03-D337-4437-BD04-62FFFD03681A}.X86|Any CPU.Build.0 = Release|Any CPU
		{0CCDAD03-D337-4437-BD04-62FFFD03681A}.X86|Mixed Platforms.ActiveCfg = Release|Any CPU
		{0CCDAD03-D337-4437-BD04-62FFFD03681A}.X86|Mixed Platforms.Build.0 = Release|Any CPU
		{0CCDAD03-D337-4437-BD04-62FFFD03681A}.X86|x86.ActiveCfg = Release|Any CPU
		{C855A639-511E-4B4F-8A71-3224083C5D40}.Debug|Any CPU.ActiveCfg = Debug|Any CPU
		{C855A639-511E-4B4F-8A71-3224083C5D40}.Debug|Any CPU.Build.0 = Debug|Any CPU
		{C855A639-511E-4B4F-8A71-3224083C5D40}.Debug|Mixed Platforms.ActiveCfg = Debug|Any CPU
		{C855A639-511E-4B4F-8A71-3224083C5D40}.Debug|Mixed Platforms.Build.0 = Debug|Any CPU
		{C855A639-511E-4B4F-8A71-3224083C5D40}.Debug|x86.ActiveCfg = Debug|Any CPU
		{C855A639-511E-4B4F-8A71-3224083C5D40}.FsDiSys|Any CPU.ActiveCfg = FsDiSys|Any CPU
		{C855A639-511E-4B4F-8A71-3224083C5D40}.FsDiSys|Any CPU.Build.0 = FsDiSys|Any CPU
		{C855A639-511E-4B4F-8A71-3224083C5D40}.FsDiSys|Mixed Platforms.ActiveCfg = FsDiSys|Any CPU
		{C855A639-511E-4B4F-8A71-3224083C5D40}.FsDiSys|Mixed Platforms.Build.0 = FsDiSys|Any CPU
		{C855A639-511E-4B4F-8A71-3224083C5D40}.FsDiSys|x86.ActiveCfg = FsDiSys|Any CPU
		{C855A639-511E-4B4F-8A71-3224083C5D40}.FsDiSystem|Any CPU.ActiveCfg = FsDiSystem|Any CPU
		{C855A639-511E-4B4F-8A71-3224083C5D40}.FsDiSystem|Any CPU.Build.0 = FsDiSystem|Any CPU
		{C855A639-511E-4B4F-8A71-3224083C5D40}.FsDiSystem|Mixed Platforms.ActiveCfg = FsDiSystem|Any CPU
		{C855A639-511E-4B4F-8A71-3224083C5D40}.FsDiSystem|Mixed Platforms.Build.0 = FsDiSystem|Any CPU
		{C855A639-511E-4B4F-8A71-3224083C5D40}.FsDiSystem|x86.ActiveCfg = FsDiSystem|Any CPU
		{C855A639-511E-4B4F-8A71-3224083C5D40}.JSCASys|Any CPU.ActiveCfg = JSCASys|Any CPU
		{C855A639-511E-4B4F-8A71-3224083C5D40}.JSCASys|Any CPU.Build.0 = JSCASys|Any CPU
		{C855A639-511E-4B4F-8A71-3224083C5D40}.JSCASys|Mixed Platforms.ActiveCfg = JSCASys|Any CPU
		{C855A639-511E-4B4F-8A71-3224083C5D40}.JSCASys|Mixed Platforms.Build.0 = JSCASys|Any CPU
		{C855A639-511E-4B4F-8A71-3224083C5D40}.JSCASys|x86.ActiveCfg = JSCASys|Any CPU
		{C855A639-511E-4B4F-8A71-3224083C5D40}.Release|Any CPU.ActiveCfg = Release|Any CPU
		{C855A639-511E-4B4F-8A71-3224083C5D40}.Release|Any CPU.Build.0 = Release|Any CPU
		{C855A639-511E-4B4F-8A71-3224083C5D40}.Release|Mixed Platforms.ActiveCfg = Release|Any CPU
		{C855A639-511E-4B4F-8A71-3224083C5D40}.Release|Mixed Platforms.Build.0 = Release|Any CPU
		{C855A639-511E-4B4F-8A71-3224083C5D40}.Release|x86.ActiveCfg = Release|Any CPU
		{C855A639-511E-4B4F-8A71-3224083C5D40}.SHThread|Any CPU.ActiveCfg = SHThread|Any CPU
		{C855A639-511E-4B4F-8A71-3224083C5D40}.SHThread|Any CPU.Build.0 = SHThread|Any CPU
		{C855A639-511E-4B4F-8A71-3224083C5D40}.SHThread|Mixed Platforms.ActiveCfg = SHThread|Any CPU
		{C855A639-511E-4B4F-8A71-3224083C5D40}.SHThread|Mixed Platforms.Build.0 = SHThread|Any CPU
		{C855A639-511E-4B4F-8A71-3224083C5D40}.SHThread|x86.ActiveCfg = SHThread|Any CPU
		{C855A639-511E-4B4F-8A71-3224083C5D40}.SinoSZWebVss|Any CPU.ActiveCfg = SinoSZWebVss|Any CPU
		{C855A639-511E-4B4F-8A71-3224083C5D40}.SinoSZWebVss|Any CPU.Build.0 = SinoSZWebVss|Any CPU
		{C855A639-511E-4B4F-8A71-3224083C5D40}.SinoSZWebVss|Mixed Platforms.ActiveCfg = SinoSZWebVss|Any CPU
		{C855A639-511E-4B4F-8A71-3224083C5D40}.SinoSZWebVss|Mixed Platforms.Build.0 = SinoSZWebVss|Any CPU
		{C855A639-511E-4B4F-8A71-3224083C5D40}.SinoSZWebVss|x86.ActiveCfg = SinoSZWebVss|Any CPU
		{C855A639-511E-4B4F-8A71-3224083C5D40}.SZZHSys|Any CPU.ActiveCfg = SZZHSys|Any CPU
		{C855A639-511E-4B4F-8A71-3224083C5D40}.SZZHSys|Any CPU.Build.0 = SZZHSys|Any CPU
		{C855A639-511E-4B4F-8A71-3224083C5D40}.SZZHSys|Mixed Platforms.ActiveCfg = SZZHSys|Any CPU
		{C855A639-511E-4B4F-8A71-3224083C5D40}.SZZHSys|Mixed Platforms.Build.0 = SZZHSys|Any CPU
		{C855A639-511E-4B4F-8A71-3224083C5D40}.SZZHSys|x86.ActiveCfg = SZZHSys|Any CPU
		{C855A639-511E-4B4F-8A71-3224083C5D40}.X86|Any CPU.ActiveCfg = X86|Any CPU
		{C855A639-511E-4B4F-8A71-3224083C5D40}.X86|Any CPU.Build.0 = X86|Any CPU
		{C855A639-511E-4B4F-8A71-3224083C5D40}.X86|Mixed Platforms.ActiveCfg = X86|Any CPU
		{C855A639-511E-4B4F-8A71-3224083C5D40}.X86|Mixed Platforms.Build.0 = X86|Any CPU
		{C855A639-511E-4B4F-8A71-3224083C5D40}.X86|x86.ActiveCfg = X86|Any CPU
		{D7168857-3587-4BA9-8C2F-1D53390109AF}.Debug|Any CPU.ActiveCfg = Debug|Any CPU
		{D7168857-3587-4BA9-8C2F-1D53390109AF}.Debug|Any CPU.Build.0 = Debug|Any CPU
		{D7168857-3587-4BA9-8C2F-1D53390109AF}.Debug|Mixed Platforms.ActiveCfg = Debug|Any CPU
		{D7168857-3587-4BA9-8C2F-1D53390109AF}.Debug|Mixed Platforms.Build.0 = Debug|Any CPU
		{D7168857-3587-4BA9-8C2F-1D53390109AF}.Debug|x86.ActiveCfg = Debug|Any CPU
		{D7168857-3587-4BA9-8C2F-1D53390109AF}.FsDiSys|Any CPU.ActiveCfg = Release|Any CPU
		{D7168857-3587-4BA9-8C2F-1D53390109AF}.FsDiSys|Any CPU.Build.0 = Release|Any CPU
		{D7168857-3587-4BA9-8C2F-1D53390109AF}.FsDiSys|Mixed Platforms.ActiveCfg = Release|Any CPU
		{D7168857-3587-4BA9-8C2F-1D53390109AF}.FsDiSys|Mixed Platforms.Build.0 = Release|Any CPU
		{D7168857-3587-4BA9-8C2F-1D53390109AF}.FsDiSys|x86.ActiveCfg = Release|Any CPU
		{D7168857-3587-4BA9-8C2F-1D53390109AF}.FsDiSystem|Any CPU.ActiveCfg = Release|Any CPU
		{D7168857-3587-4BA9-8C2F-1D53390109AF}.FsDiSystem|Any CPU.Build.0 = Release|Any CPU
		{D7168857-3587-4BA9-8C2F-1D53390109AF}.FsDiSystem|Mixed Platforms.ActiveCfg = Release|Any CPU
		{D7168857-3587-4BA9-8C2F-1D53390109AF}.FsDiSystem|Mixed Platforms.Build.0 = Release|Any CPU
		{D7168857-3587-4BA9-8C2F-1D53390109AF}.FsDiSystem|x86.ActiveCfg = Release|Any CPU
		{D7168857-3587-4BA9-8C2F-1D53390109AF}.JSCASys|Any CPU.ActiveCfg = Release|Any CPU
		{D7168857-3587-4BA9-8C2F-1D53390109AF}.JSCASys|Any CPU.Build.0 = Release|Any CPU
		{D7168857-3587-4BA9-8C2F-1D53390109AF}.JSCASys|Mixed Platforms.ActiveCfg = Release|Any CPU
		{D7168857-3587-4BA9-8C2F-1D53390109AF}.JSCASys|Mixed Platforms.Build.0 = Release|Any CPU
		{D7168857-3587-4BA9-8C2F-1D53390109AF}.JSCASys|x86.ActiveCfg = Release|Any CPU
		{D7168857-3587-4BA9-8C2F-1D53390109AF}.Release|Any CPU.ActiveCfg = Release|Any CPU
		{D7168857-3587-4BA9-8C2F-1D53390109AF}.Release|Any CPU.Build.0 = Release|Any CPU
		{D7168857-3587-4BA9-8C2F-1D53390109AF}.Release|Mixed Platforms.ActiveCfg = Release|Any CPU
		{D7168857-3587-4BA9-8C2F-1D53390109AF}.Release|Mixed Platforms.Build.0 = Release|Any CPU
		{D7168857-3587-4BA9-8C2F-1D53390109AF}.Release|x86.ActiveCfg = Release|Any CPU
		{D7168857-3587-4BA9-8C2F-1D53390109AF}.SHThread|Any CPU.ActiveCfg = Release|Any CPU
		{D7168857-3587-4BA9-8C2F-1D53390109AF}.SHThread|Any CPU.Build.0 = Release|Any CPU
		{D7168857-3587-4BA9-8C2F-1D53390109AF}.SHThread|Mixed Platforms.ActiveCfg = Release|Any CPU
		{D7168857-3587-4BA9-8C2F-1D53390109AF}.SHThread|Mixed Platforms.Build.0 = Release|Any CPU
		{D7168857-3587-4BA9-8C2F-1D53390109AF}.SHThread|x86.ActiveCfg = Release|Any CPU
		{D7168857-3587-4BA9-8C2F-1D53390109AF}.SinoSZWebVss|Any CPU.ActiveCfg = Release|Any CPU
		{D7168857-3587-4BA9-8C2F-1D53390109AF}.SinoSZWebVss|Any CPU.Build.0 = Release|Any CPU
		{D7168857-3587-4BA9-8C2F-1D53390109AF}.SinoSZWebVss|Mixed Platforms.ActiveCfg = Release|Any CPU
		{D7168857-3587-4BA9-8C2F-1D53390109AF}.SinoSZWebVss|Mixed Platforms.Build.0 = Release|Any CPU
		{D7168857-3587-4BA9-8C2F-1D53390109AF}.SinoSZWebVss|x86.ActiveCfg = Release|Any CPU
		{D7168857-3587-4BA9-8C2F-1D53390109AF}.SZZHSys|Any CPU.ActiveCfg = Release|Any CPU
		{D7168857-3587-4BA9-8C2F-1D53390109AF}.SZZHSys|Any CPU.Build.0 = Release|Any CPU
		{D7168857-3587-4BA9-8C2F-1D53390109AF}.SZZHSys|Mixed Platforms.ActiveCfg = Release|Any CPU
		{D7168857-3587-4BA9-8C2F-1D53390109AF}.SZZHSys|Mixed Platforms.Build.0 = Release|Any CPU
		{D7168857-3587-4BA9-8C2F-1D53390109AF}.SZZHSys|x86.ActiveCfg = Release|Any CPU
		{D7168857-3587-4BA9-8C2F-1D53390109AF}.X86|Any CPU.ActiveCfg = Release|Any CPU
		{D7168857-3587-4BA9-8C2F-1D53390109AF}.X86|Any CPU.Build.0 = Release|Any CPU
		{D7168857-3587-4BA9-8C2F-1D53390109AF}.X86|Mixed Platforms.ActiveCfg = Release|Any CPU
		{D7168857-3587-4BA9-8C2F-1D53390109AF}.X86|Mixed Platforms.Build.0 = Release|Any CPU
		{D7168857-3587-4BA9-8C2F-1D53390109AF}.X86|x86.ActiveCfg = Release|Any CPU
		{E9097E32-CE89-4159-AE71-3397D5FFB9FE}.Debug|Any CPU.ActiveCfg = Debug|Any CPU
		{E9097E32-CE89-4159-AE71-3397D5FFB9FE}.Debug|Any CPU.Build.0 = Debug|Any CPU
		{E9097E32-CE89-4159-AE71-3397D5FFB9FE}.Debug|Mixed Platforms.ActiveCfg = Debug|Any CPU
		{E9097E32-CE89-4159-AE71-3397D5FFB9FE}.Debug|Mixed Platforms.Build.0 = Debug|Any CPU
		{E9097E32-CE89-4159-AE71-3397D5FFB9FE}.Debug|x86.ActiveCfg = Debug|Any CPU
		{E9097E32-CE89-4159-AE71-3397D5FFB9FE}.FsDiSys|Any CPU.ActiveCfg = Release|Any CPU
		{E9097E32-CE89-4159-AE71-3397D5FFB9FE}.FsDiSys|Any CPU.Build.0 = Release|Any CPU
		{E9097E32-CE89-4159-AE71-3397D5FFB9FE}.FsDiSys|Mixed Platforms.ActiveCfg = Release|Any CPU
		{E9097E32-CE89-4159-AE71-3397D5FFB9FE}.FsDiSys|Mixed Platforms.Build.0 = Release|Any CPU
		{E9097E32-CE89-4159-AE71-3397D5FFB9FE}.FsDiSys|x86.ActiveCfg = Release|Any CPU
		{E9097E32-CE89-4159-AE71-3397D5FFB9FE}.FsDiSystem|Any CPU.ActiveCfg = Release|Any CPU
		{E9097E32-CE89-4159-AE71-3397D5FFB9FE}.FsDiSystem|Any CPU.Build.0 = Release|Any CPU
		{E9097E32-CE89-4159-AE71-3397D5FFB9FE}.FsDiSystem|Mixed Platforms.ActiveCfg = Release|Any CPU
		{E9097E32-CE89-4159-AE71-3397D5FFB9FE}.FsDiSystem|Mixed Platforms.Build.0 = Release|Any CPU
		{E9097E32-CE89-4159-AE71-3397D5FFB9FE}.FsDiSystem|x86.ActiveCfg = Release|Any CPU
		{E9097E32-CE89-4159-AE71-3397D5FFB9FE}.JSCASys|Any CPU.ActiveCfg = Release|Any CPU
		{E9097E32-CE89-4159-AE71-3397D5FFB9FE}.JSCASys|Any CPU.Build.0 = Release|Any CPU
		{E9097E32-CE89-4159-AE71-3397D5FFB9FE}.JSCASys|Mixed Platforms.ActiveCfg = Release|Any CPU
		{E9097E32-CE89-4159-AE71-3397D5FFB9FE}.JSCASys|Mixed Platforms.Build.0 = Release|Any CPU
		{E9097E32-CE89-4159-AE71-3397D5FFB9FE}.JSCASys|x86.ActiveCfg = Release|Any CPU
		{E9097E32-CE89-4159-AE71-3397D5FFB9FE}.Release|Any CPU.ActiveCfg = Release|Any CPU
		{E9097E32-CE89-4159-AE71-3397D5FFB9FE}.Release|Any CPU.Build.0 = Release|Any CPU
		{E9097E32-CE89-4159-AE71-3397D5FFB9FE}.Release|Mixed Platforms.ActiveCfg = Release|Any CPU
		{E9097E32-CE89-4159-AE71-3397D5FFB9FE}.Release|Mixed Platforms.Build.0 = Release|Any CPU
		{E9097E32-CE89-4159-AE71-3397D5FFB9FE}.Release|x86.ActiveCfg = Release|Any CPU
		{E9097E32-CE89-4159-AE71-3397D5FFB9FE}.SHThread|Any CPU.ActiveCfg = Release|Any CPU
		{E9097E32-CE89-4159-AE71-3397D5FFB9FE}.SHThread|Any CPU.Build.0 = Release|Any CPU
		{E9097E32-CE89-4159-AE71-3397D5FFB9FE}.SHThread|Mixed Platforms.ActiveCfg = Release|Any CPU
		{E9097E32-CE89-4159-AE71-3397D5FFB9FE}.SHThread|Mixed Platforms.Build.0 = Release|Any CPU
		{E9097E32-CE89-4159-AE71-3397D5FFB9FE}.SHThread|x86.ActiveCfg = Release|Any CPU
		{E9097E32-CE89-4159-AE71-3397D5FFB9FE}.SinoSZWebVss|Any CPU.ActiveCfg = Release|Any CPU
		{E9097E32-CE89-4159-AE71-3397D5FFB9FE}.SinoSZWebVss|Any CPU.Build.0 = Release|Any CPU
		{E9097E32-CE89-4159-AE71-3397D5FFB9FE}.SinoSZWebVss|Mixed Platforms.ActiveCfg = Release|Any CPU
		{E9097E32-CE89-4159-AE71-3397D5FFB9FE}.SinoSZWebVss|Mixed Platforms.Build.0 = Release|Any CPU
		{E9097E32-CE89-4159-AE71-3397D5FFB9FE}.SinoSZWebVss|x86.ActiveCfg = Release|Any CPU
		{E9097E32-CE89-4159-AE71-3397D5FFB9FE}.SZZHSys|Any CPU.ActiveCfg = Release|Any CPU
		{E9097E32-CE89-4159-AE71-3397D5FFB9FE}.SZZHSys|Any CPU.Build.0 = Release|Any CPU
		{E9097E32-CE89-4159-AE71-3397D5FFB9FE}.SZZHSys|Mixed Platforms.ActiveCfg = Release|Any CPU
		{E9097E32-CE89-4159-AE71-3397D5FFB9FE}.SZZHSys|Mixed Platforms.Build.0 = Release|Any CPU
		{E9097E32-CE89-4159-AE71-3397D5FFB9FE}.SZZHSys|x86.ActiveCfg = Release|Any CPU
		{E9097E32-CE89-4159-AE71-3397D5FFB9FE}.X86|Any CPU.ActiveCfg = Release|Any CPU
		{E9097E32-CE89-4159-AE71-3397D5FFB9FE}.X86|Any CPU.Build.0 = Release|Any CPU
		{E9097E32-CE89-4159-AE71-3397D5FFB9FE}.X86|Mixed Platforms.ActiveCfg = Release|Any CPU
		{E9097E32-CE89-4159-AE71-3397D5FFB9FE}.X86|Mixed Platforms.Build.0 = Release|Any CPU
		{E9097E32-CE89-4159-AE71-3397D5FFB9FE}.X86|x86.ActiveCfg = Release|Any CPU
	EndGlobalSection
	GlobalSection(SolutionProperties) = preSolution
		HideSolutionNode = FALSE
	EndGlobalSection
EndGlobal
