
Microsoft Visual Studio Solution File, Format Version 11.00
# Visual Studio 2010
Project("{FAE04EC0-301F-11D3-BF4B-00C04F79EFBC}") = "SinoSZToolFlowDesign", "SinoSZToolFlowDesign\SinoSZToolFlowDesign.csproj", "{05EE8806-25D5-4E58-B304-236FF69006FF}"
EndProject
Project("{FAE04EC0-301F-11D3-BF4B-00C04F79EFBC}") = "SinoSZBaseClass", "SinoSZBaseClass\SinoSZBaseClass.csproj", "{F27910C8-F953-4997-A151-A9B57277CF4D}"
EndProject
Project("{FAE04EC0-301F-11D3-BF4B-00C04F79EFBC}") = "SinoSZAuthorizeDC", "SinoSZAuthorizeDC\SinoSZAuthorizeDC.csproj", "{04181626-7C40-467E-8142-A68AF8FEB5A6}"
EndProject
Project("{FAE04EC0-301F-11D3-BF4B-00C04F79EFBC}") = "SinoSZClientBase", "SinoSZClientBase\SinoSZClientBase.csproj", "{ABDD3C32-17A9-4EA0-BFF8-7FCBEDF38F5D}"
EndProject
Project("{FAE04EC0-301F-11D3-BF4B-00C04F79EFBC}") = "SinoSZDataAccessBase", "SinoSZDataAccessBase\SinoSZDataAccessBase.csproj", "{9C92E27D-3DE0-4387-B9E3-9D2887414503}"
EndProject
Project("{FAE04EC0-301F-11D3-BF4B-00C04F79EFBC}") = "SinoSZPluginFramework", "SinoSZPluginFramework\SinoSZPluginFramework.csproj", "{C855A639-511E-4B4F-8A71-3224083C5D40}"
EndProject
Project("{FAE04EC0-301F-11D3-BF4B-00C04F79EFBC}") = "SinoSZMetaDataBase", "SinoSZMetaDataBase\SinoSZMetaDataBase.csproj", "{8B95B9CE-D75A-4C20-B241-56DB48A71DFB}"
EndProject
Global
	GlobalSection(SolutionConfigurationPlatforms) = preSolution
		Debug|Any CPU = Debug|Any CPU
		Debug|x86 = Debug|x86
		FsDiSys|Any CPU = FsDiSys|Any CPU
		FsDiSys|x86 = FsDiSys|x86
		FsDiSystem|Any CPU = FsDiSystem|Any CPU
		FsDiSystem|x86 = FsDiSystem|x86
		JSCASys|Any CPU = JSCASys|Any CPU
		JSCASys|x86 = JSCASys|x86
		Release|Any CPU = Release|Any CPU
		Release|x86 = Release|x86
		SHThread|Any CPU = SHThread|Any CPU
		SHThread|x86 = SHThread|x86
		SinoSZWebVss|Any CPU = SinoSZWebVss|Any CPU
		SinoSZWebVss|x86 = SinoSZWebVss|x86
		SZZHSys|Any CPU = SZZHSys|Any CPU
		SZZHSys|x86 = SZZHSys|x86
		X86|Any CPU = X86|Any CPU
		X86|x86 = X86|x86
	EndGlobalSection
	GlobalSection(ProjectConfigurationPlatforms) = postSolution
		{05EE8806-25D5-4E58-B304-236FF69006FF}.Debug|Any CPU.ActiveCfg = Debug|Any CPU
		{05EE8806-25D5-4E58-B304-236FF69006FF}.Debug|Any CPU.Build.0 = Debug|Any CPU
		{05EE8806-25D5-4E58-B304-236FF69006FF}.Debug|x86.ActiveCfg = Debug|x86
		{05EE8806-25D5-4E58-B304-236FF69006FF}.Debug|x86.Build.0 = Debug|x86
		{05EE8806-25D5-4E58-B304-236FF69006FF}.FsDiSys|Any CPU.ActiveCfg = Release|Any CPU
		{05EE8806-25D5-4E58-B304-236FF69006FF}.FsDiSys|Any CPU.Build.0 = Release|Any CPU
		{05EE8806-25D5-4E58-B304-236FF69006FF}.FsDiSys|x86.ActiveCfg = Release|x86
		{05EE8806-25D5-4E58-B304-236FF69006FF}.FsDiSys|x86.Build.0 = Release|x86
		{05EE8806-25D5-4E58-B304-236FF69006FF}.FsDiSystem|Any CPU.ActiveCfg = Release|Any CPU
		{05EE8806-25D5-4E58-B304-236FF69006FF}.FsDiSystem|Any CPU.Build.0 = Release|Any CPU
		{05EE8806-25D5-4E58-B304-236FF69006FF}.FsDiSystem|x86.ActiveCfg = Release|x86
		{05EE8806-25D5-4E58-B304-236FF69006FF}.FsDiSystem|x86.Build.0 = Release|x86
		{05EE8806-25D5-4E58-B304-236FF69006FF}.JSCASys|Any CPU.ActiveCfg = Release|Any CPU
		{05EE8806-25D5-4E58-B304-236FF69006FF}.JSCASys|Any CPU.Build.0 = Release|Any CPU
		{05EE8806-25D5-4E58-B304-236FF69006FF}.JSCASys|x86.ActiveCfg = Release|x86
		{05EE8806-25D5-4E58-B304-236FF69006FF}.JSCASys|x86.Build.0 = Release|x86
		{05EE8806-25D5-4E58-B304-236FF69006FF}.Release|Any CPU.ActiveCfg = Release|Any CPU
		{05EE8806-25D5-4E58-B304-236FF69006FF}.Release|Any CPU.Build.0 = Release|Any CPU
		{05EE8806-25D5-4E58-B304-236FF69006FF}.Release|x86.ActiveCfg = Release|x86
		{05EE8806-25D5-4E58-B304-236FF69006FF}.Release|x86.Build.0 = Release|x86
		{05EE8806-25D5-4E58-B304-236FF69006FF}.SHThread|Any CPU.ActiveCfg = Release|Any CPU
		{05EE8806-25D5-4E58-B304-236FF69006FF}.SHThread|Any CPU.Build.0 = Release|Any CPU
		{05EE8806-25D5-4E58-B304-236FF69006FF}.SHThread|x86.ActiveCfg = Release|x86
		{05EE8806-25D5-4E58-B304-236FF69006FF}.SHThread|x86.Build.0 = Release|x86
		{05EE8806-25D5-4E58-B304-236FF69006FF}.SinoSZWebVss|Any CPU.ActiveCfg = Release|Any CPU
		{05EE8806-25D5-4E58-B304-236FF69006FF}.SinoSZWebVss|Any CPU.Build.0 = Release|Any CPU
		{05EE8806-25D5-4E58-B304-236FF69006FF}.SinoSZWebVss|x86.ActiveCfg = Release|x86
		{05EE8806-25D5-4E58-B304-236FF69006FF}.SinoSZWebVss|x86.Build.0 = Release|x86
		{05EE8806-25D5-4E58-B304-236FF69006FF}.SZZHSys|Any CPU.ActiveCfg = Release|Any CPU
		{05EE8806-25D5-4E58-B304-236FF69006FF}.SZZHSys|Any CPU.Build.0 = Release|Any CPU
		{05EE8806-25D5-4E58-B304-236FF69006FF}.SZZHSys|x86.ActiveCfg = Release|x86
		{05EE8806-25D5-4E58-B304-236FF69006FF}.SZZHSys|x86.Build.0 = Release|x86
		{05EE8806-25D5-4E58-B304-236FF69006FF}.X86|Any CPU.ActiveCfg = Release|Any CPU
		{05EE8806-25D5-4E58-B304-236FF69006FF}.X86|Any CPU.Build.0 = Release|Any CPU
		{05EE8806-25D5-4E58-B304-236FF69006FF}.X86|x86.ActiveCfg = Release|x86
		{05EE8806-25D5-4E58-B304-236FF69006FF}.X86|x86.Build.0 = Release|x86
		{F27910C8-F953-4997-A151-A9B57277CF4D}.Debug|Any CPU.ActiveCfg = Debug|Any CPU
		{F27910C8-F953-4997-A151-A9B57277CF4D}.Debug|Any CPU.Build.0 = Debug|Any CPU
		{F27910C8-F953-4997-A151-A9B57277CF4D}.Debug|x86.ActiveCfg = Debug|x86
		{F27910C8-F953-4997-A151-A9B57277CF4D}.Debug|x86.Build.0 = Debug|x86
		{F27910C8-F953-4997-A151-A9B57277CF4D}.FsDiSys|Any CPU.ActiveCfg = FsDiSys|Any CPU
		{F27910C8-F953-4997-A151-A9B57277CF4D}.FsDiSys|Any CPU.Build.0 = FsDiSys|Any CPU
		{F27910C8-F953-4997-A151-A9B57277CF4D}.FsDiSys|x86.ActiveCfg = FsDiSys|x86
		{F27910C8-F953-4997-A151-A9B57277CF4D}.FsDiSys|x86.Build.0 = FsDiSys|x86
		{F27910C8-F953-4997-A151-A9B57277CF4D}.FsDiSystem|Any CPU.ActiveCfg = FsDiSystem|Any CPU
		{F27910C8-F953-4997-A151-A9B57277CF4D}.FsDiSystem|Any CPU.Build.0 = FsDiSystem|Any CPU
		{F27910C8-F953-4997-A151-A9B57277CF4D}.FsDiSystem|x86.ActiveCfg = FsDiSystem|x86
		{F27910C8-F953-4997-A151-A9B57277CF4D}.FsDiSystem|x86.Build.0 = FsDiSystem|x86
		{F27910C8-F953-4997-A151-A9B57277CF4D}.JSCASys|Any CPU.ActiveCfg = JSCASys|Any CPU
		{F27910C8-F953-4997-A151-A9B57277CF4D}.JSCASys|Any CPU.Build.0 = JSCASys|Any CPU
		{F27910C8-F953-4997-A151-A9B57277CF4D}.JSCASys|x86.ActiveCfg = JSCASys|x86
		{F27910C8-F953-4997-A151-A9B57277CF4D}.JSCASys|x86.Build.0 = JSCASys|x86
		{F27910C8-F953-4997-A151-A9B57277CF4D}.Release|Any CPU.ActiveCfg = Release|Any CPU
		{F27910C8-F953-4997-A151-A9B57277CF4D}.Release|Any CPU.Build.0 = Release|Any CPU
		{F27910C8-F953-4997-A151-A9B57277CF4D}.Release|x86.ActiveCfg = Release|x86
		{F27910C8-F953-4997-A151-A9B57277CF4D}.Release|x86.Build.0 = Release|x86
		{F27910C8-F953-4997-A151-A9B57277CF4D}.SHThread|Any CPU.ActiveCfg = SHThread|Any CPU
		{F27910C8-F953-4997-A151-A9B57277CF4D}.SHThread|Any CPU.Build.0 = SHThread|Any CPU
		{F27910C8-F953-4997-A151-A9B57277CF4D}.SHThread|x86.ActiveCfg = SHThread|x86
		{F27910C8-F953-4997-A151-A9B57277CF4D}.SHThread|x86.Build.0 = SHThread|x86
		{F27910C8-F953-4997-A151-A9B57277CF4D}.SinoSZWebVss|Any CPU.ActiveCfg = SinoSZWebVss|Any CPU
		{F27910C8-F953-4997-A151-A9B57277CF4D}.SinoSZWebVss|Any CPU.Build.0 = SinoSZWebVss|Any CPU
		{F27910C8-F953-4997-A151-A9B57277CF4D}.SinoSZWebVss|x86.ActiveCfg = SinoSZWebVss|x86
		{F27910C8-F953-4997-A151-A9B57277CF4D}.SinoSZWebVss|x86.Build.0 = SinoSZWebVss|x86
		{F27910C8-F953-4997-A151-A9B57277CF4D}.SZZHSys|Any CPU.ActiveCfg = SHThread|Any CPU
		{F27910C8-F953-4997-A151-A9B57277CF4D}.SZZHSys|Any CPU.Build.0 = SHThread|Any CPU
		{F27910C8-F953-4997-A151-A9B57277CF4D}.SZZHSys|x86.ActiveCfg = SHThread|x86
		{F27910C8-F953-4997-A151-A9B57277CF4D}.SZZHSys|x86.Build.0 = SHThread|x86
		{F27910C8-F953-4997-A151-A9B57277CF4D}.X86|Any CPU.ActiveCfg = X86|Any CPU
		{F27910C8-F953-4997-A151-A9B57277CF4D}.X86|Any CPU.Build.0 = X86|Any CPU
		{F27910C8-F953-4997-A151-A9B57277CF4D}.X86|x86.ActiveCfg = X86|x86
		{F27910C8-F953-4997-A151-A9B57277CF4D}.X86|x86.Build.0 = X86|x86
		{04181626-7C40-467E-8142-A68AF8FEB5A6}.Debug|Any CPU.ActiveCfg = Debug|Any CPU
		{04181626-7C40-467E-8142-A68AF8FEB5A6}.Debug|Any CPU.Build.0 = Debug|Any CPU
		{04181626-7C40-467E-8142-A68AF8FEB5A6}.Debug|x86.ActiveCfg = Debug|x86
		{04181626-7C40-467E-8142-A68AF8FEB5A6}.Debug|x86.Build.0 = Debug|x86
		{04181626-7C40-467E-8142-A68AF8FEB5A6}.FsDiSys|Any CPU.ActiveCfg = FsDiSys|Any CPU
		{04181626-7C40-467E-8142-A68AF8FEB5A6}.FsDiSys|Any CPU.Build.0 = FsDiSys|Any CPU
		{04181626-7C40-467E-8142-A68AF8FEB5A6}.FsDiSys|x86.ActiveCfg = FsDiSys|x86
		{04181626-7C40-467E-8142-A68AF8FEB5A6}.FsDiSys|x86.Build.0 = FsDiSys|x86
		{04181626-7C40-467E-8142-A68AF8FEB5A6}.FsDiSystem|Any CPU.ActiveCfg = FsDiSystem|Any CPU
		{04181626-7C40-467E-8142-A68AF8FEB5A6}.FsDiSystem|Any CPU.Build.0 = FsDiSystem|Any CPU
		{04181626-7C40-467E-8142-A68AF8FEB5A6}.FsDiSystem|x86.ActiveCfg = FsDiSystem|x86
		{04181626-7C40-467E-8142-A68AF8FEB5A6}.FsDiSystem|x86.Build.0 = FsDiSystem|x86
		{04181626-7C40-467E-8142-A68AF8FEB5A6}.JSCASys|Any CPU.ActiveCfg = JSCASys|Any CPU
		{04181626-7C40-467E-8142-A68AF8FEB5A6}.JSCASys|Any CPU.Build.0 = JSCASys|Any CPU
		{04181626-7C40-467E-8142-A68AF8FEB5A6}.JSCASys|x86.ActiveCfg = JSCASys|x86
		{04181626-7C40-467E-8142-A68AF8FEB5A6}.JSCASys|x86.Build.0 = JSCASys|x86
		{04181626-7C40-467E-8142-A68AF8FEB5A6}.Release|Any CPU.ActiveCfg = Release|Any CPU
		{04181626-7C40-467E-8142-A68AF8FEB5A6}.Release|Any CPU.Build.0 = Release|Any CPU
		{04181626-7C40-467E-8142-A68AF8FEB5A6}.Release|x86.ActiveCfg = Release|x86
		{04181626-7C40-467E-8142-A68AF8FEB5A6}.Release|x86.Build.0 = Release|x86
		{04181626-7C40-467E-8142-A68AF8FEB5A6}.SHThread|Any CPU.ActiveCfg = SHThread|Any CPU
		{04181626-7C40-467E-8142-A68AF8FEB5A6}.SHThread|Any CPU.Build.0 = SHThread|Any CPU
		{04181626-7C40-467E-8142-A68AF8FEB5A6}.SHThread|x86.ActiveCfg = SHThread|x86
		{04181626-7C40-467E-8142-A68AF8FEB5A6}.SHThread|x86.Build.0 = SHThread|x86
		{04181626-7C40-467E-8142-A68AF8FEB5A6}.SinoSZWebVss|Any CPU.ActiveCfg = SinoSZWebVss|Any CPU
		{04181626-7C40-467E-8142-A68AF8FEB5A6}.SinoSZWebVss|Any CPU.Build.0 = SinoSZWebVss|Any CPU
		{04181626-7C40-467E-8142-A68AF8FEB5A6}.SinoSZWebVss|x86.ActiveCfg = SinoSZWebVss|x86
		{04181626-7C40-467E-8142-A68AF8FEB5A6}.SinoSZWebVss|x86.Build.0 = SinoSZWebVss|x86
		{04181626-7C40-467E-8142-A68AF8FEB5A6}.SZZHSys|Any CPU.ActiveCfg = SZZHSys|Any CPU
		{04181626-7C40-467E-8142-A68AF8FEB5A6}.SZZHSys|Any CPU.Build.0 = SZZHSys|Any CPU
		{04181626-7C40-467E-8142-A68AF8FEB5A6}.SZZHSys|x86.ActiveCfg = SZZHSys|x86
		{04181626-7C40-467E-8142-A68AF8FEB5A6}.SZZHSys|x86.Build.0 = SZZHSys|x86
		{04181626-7C40-467E-8142-A68AF8FEB5A6}.X86|Any CPU.ActiveCfg = X86|Any CPU
		{04181626-7C40-467E-8142-A68AF8FEB5A6}.X86|Any CPU.Build.0 = X86|Any CPU
		{04181626-7C40-467E-8142-A68AF8FEB5A6}.X86|x86.ActiveCfg = X86|x86
		{04181626-7C40-467E-8142-A68AF8FEB5A6}.X86|x86.Build.0 = X86|x86
		{ABDD3C32-17A9-4EA0-BFF8-7FCBEDF38F5D}.Debug|Any CPU.ActiveCfg = Debug|Any CPU
		{ABDD3C32-17A9-4EA0-BFF8-7FCBEDF38F5D}.Debug|Any CPU.Build.0 = Debug|Any CPU
		{ABDD3C32-17A9-4EA0-BFF8-7FCBEDF38F5D}.Debug|x86.ActiveCfg = Debug|x86
		{ABDD3C32-17A9-4EA0-BFF8-7FCBEDF38F5D}.Debug|x86.Build.0 = Debug|x86
		{ABDD3C32-17A9-4EA0-BFF8-7FCBEDF38F5D}.FsDiSys|Any CPU.ActiveCfg = FsDiSys|Any CPU
		{ABDD3C32-17A9-4EA0-BFF8-7FCBEDF38F5D}.FsDiSys|Any CPU.Build.0 = FsDiSys|Any CPU
		{ABDD3C32-17A9-4EA0-BFF8-7FCBEDF38F5D}.FsDiSys|x86.ActiveCfg = FsDiSys|x86
		{ABDD3C32-17A9-4EA0-BFF8-7FCBEDF38F5D}.FsDiSys|x86.Build.0 = FsDiSys|x86
		{ABDD3C32-17A9-4EA0-BFF8-7FCBEDF38F5D}.FsDiSystem|Any CPU.ActiveCfg = FsDiSystem|Any CPU
		{ABDD3C32-17A9-4EA0-BFF8-7FCBEDF38F5D}.FsDiSystem|Any CPU.Build.0 = FsDiSystem|Any CPU
		{ABDD3C32-17A9-4EA0-BFF8-7FCBEDF38F5D}.FsDiSystem|x86.ActiveCfg = FsDiSystem|x86
		{ABDD3C32-17A9-4EA0-BFF8-7FCBEDF38F5D}.FsDiSystem|x86.Build.0 = FsDiSystem|x86
		{ABDD3C32-17A9-4EA0-BFF8-7FCBEDF38F5D}.JSCASys|Any CPU.ActiveCfg = JSCASys|Any CPU
		{ABDD3C32-17A9-4EA0-BFF8-7FCBEDF38F5D}.JSCASys|Any CPU.Build.0 = JSCASys|Any CPU
		{ABDD3C32-17A9-4EA0-BFF8-7FCBEDF38F5D}.JSCASys|x86.ActiveCfg = JSCASys|x86
		{ABDD3C32-17A9-4EA0-BFF8-7FCBEDF38F5D}.JSCASys|x86.Build.0 = JSCASys|x86
		{ABDD3C32-17A9-4EA0-BFF8-7FCBEDF38F5D}.Release|Any CPU.ActiveCfg = Release|Any CPU
		{ABDD3C32-17A9-4EA0-BFF8-7FCBEDF38F5D}.Release|Any CPU.Build.0 = Release|Any CPU
		{ABDD3C32-17A9-4EA0-BFF8-7FCBEDF38F5D}.Release|x86.ActiveCfg = Release|x86
		{ABDD3C32-17A9-4EA0-BFF8-7FCBEDF38F5D}.Release|x86.Build.0 = Release|x86
		{ABDD3C32-17A9-4EA0-BFF8-7FCBEDF38F5D}.SHThread|Any CPU.ActiveCfg = SHThread|Any CPU
		{ABDD3C32-17A9-4EA0-BFF8-7FCBEDF38F5D}.SHThread|Any CPU.Build.0 = SHThread|Any CPU
		{ABDD3C32-17A9-4EA0-BFF8-7FCBEDF38F5D}.SHThread|x86.ActiveCfg = SHThread|x86
		{ABDD3C32-17A9-4EA0-BFF8-7FCBEDF38F5D}.SHThread|x86.Build.0 = SHThread|x86
		{ABDD3C32-17A9-4EA0-BFF8-7FCBEDF38F5D}.SinoSZWebVss|Any CPU.ActiveCfg = SinoSZWebVss|Any CPU
		{ABDD3C32-17A9-4EA0-BFF8-7FCBEDF38F5D}.SinoSZWebVss|Any CPU.Build.0 = SinoSZWebVss|Any CPU
		{ABDD3C32-17A9-4EA0-BFF8-7FCBEDF38F5D}.SinoSZWebVss|x86.ActiveCfg = SinoSZWebVss|x86
		{ABDD3C32-17A9-4EA0-BFF8-7FCBEDF38F5D}.SinoSZWebVss|x86.Build.0 = SinoSZWebVss|x86
		{ABDD3C32-17A9-4EA0-BFF8-7FCBEDF38F5D}.SZZHSys|Any CPU.ActiveCfg = SHThread|Any CPU
		{ABDD3C32-17A9-4EA0-BFF8-7FCBEDF38F5D}.SZZHSys|Any CPU.Build.0 = SHThread|Any CPU
		{ABDD3C32-17A9-4EA0-BFF8-7FCBEDF38F5D}.SZZHSys|x86.ActiveCfg = SinoSZWebVss|x86
		{ABDD3C32-17A9-4EA0-BFF8-7FCBEDF38F5D}.SZZHSys|x86.Build.0 = SinoSZWebVss|x86
		{ABDD3C32-17A9-4EA0-BFF8-7FCBEDF38F5D}.X86|Any CPU.ActiveCfg = X86|Any CPU
		{ABDD3C32-17A9-4EA0-BFF8-7FCBEDF38F5D}.X86|Any CPU.Build.0 = X86|Any CPU
		{ABDD3C32-17A9-4EA0-BFF8-7FCBEDF38F5D}.X86|x86.ActiveCfg = X86|x86
		{ABDD3C32-17A9-4EA0-BFF8-7FCBEDF38F5D}.X86|x86.Build.0 = X86|x86
		{9C92E27D-3DE0-4387-B9E3-9D2887414503}.Debug|Any CPU.ActiveCfg = Debug|Any CPU
		{9C92E27D-3DE0-4387-B9E3-9D2887414503}.Debug|Any CPU.Build.0 = Debug|Any CPU
		{9C92E27D-3DE0-4387-B9E3-9D2887414503}.Debug|x86.ActiveCfg = OnlyFor32|x86
		{9C92E27D-3DE0-4387-B9E3-9D2887414503}.Debug|x86.Build.0 = Debug|x86
		{9C92E27D-3DE0-4387-B9E3-9D2887414503}.FsDiSys|Any CPU.ActiveCfg = FsDiSys|Any CPU
		{9C92E27D-3DE0-4387-B9E3-9D2887414503}.FsDiSys|Any CPU.Build.0 = FsDiSys|Any CPU
		{9C92E27D-3DE0-4387-B9E3-9D2887414503}.FsDiSys|x86.ActiveCfg = FsDiSys|x86
		{9C92E27D-3DE0-4387-B9E3-9D2887414503}.FsDiSys|x86.Build.0 = FsDiSys|x86
		{9C92E27D-3DE0-4387-B9E3-9D2887414503}.FsDiSystem|Any CPU.ActiveCfg = FsDiSystem|Any CPU
		{9C92E27D-3DE0-4387-B9E3-9D2887414503}.FsDiSystem|Any CPU.Build.0 = FsDiSystem|Any CPU
		{9C92E27D-3DE0-4387-B9E3-9D2887414503}.FsDiSystem|x86.ActiveCfg = FsDiSystem|x86
		{9C92E27D-3DE0-4387-B9E3-9D2887414503}.FsDiSystem|x86.Build.0 = FsDiSystem|x86
		{9C92E27D-3DE0-4387-B9E3-9D2887414503}.JSCASys|Any CPU.ActiveCfg = JSCASys|Any CPU
		{9C92E27D-3DE0-4387-B9E3-9D2887414503}.JSCASys|Any CPU.Build.0 = JSCASys|Any CPU
		{9C92E27D-3DE0-4387-B9E3-9D2887414503}.JSCASys|x86.ActiveCfg = JSCASys|x86
		{9C92E27D-3DE0-4387-B9E3-9D2887414503}.JSCASys|x86.Build.0 = JSCASys|x86
		{9C92E27D-3DE0-4387-B9E3-9D2887414503}.Release|Any CPU.ActiveCfg = Release|Any CPU
		{9C92E27D-3DE0-4387-B9E3-9D2887414503}.Release|Any CPU.Build.0 = Release|Any CPU
		{9C92E27D-3DE0-4387-B9E3-9D2887414503}.Release|x86.ActiveCfg = Release|x86
		{9C92E27D-3DE0-4387-B9E3-9D2887414503}.Release|x86.Build.0 = Release|x86
		{9C92E27D-3DE0-4387-B9E3-9D2887414503}.SHThread|Any CPU.ActiveCfg = SHThread|Any CPU
		{9C92E27D-3DE0-4387-B9E3-9D2887414503}.SHThread|Any CPU.Build.0 = SHThread|Any CPU
		{9C92E27D-3DE0-4387-B9E3-9D2887414503}.SHThread|x86.ActiveCfg = SHThread|x86
		{9C92E27D-3DE0-4387-B9E3-9D2887414503}.SHThread|x86.Build.0 = SHThread|x86
		{9C92E27D-3DE0-4387-B9E3-9D2887414503}.SinoSZWebVss|Any CPU.ActiveCfg = SinoSZWebVss|Any CPU
		{9C92E27D-3DE0-4387-B9E3-9D2887414503}.SinoSZWebVss|Any CPU.Build.0 = SinoSZWebVss|Any CPU
		{9C92E27D-3DE0-4387-B9E3-9D2887414503}.SinoSZWebVss|x86.ActiveCfg = SinoSZWebVss|x86
		{9C92E27D-3DE0-4387-B9E3-9D2887414503}.SinoSZWebVss|x86.Build.0 = SinoSZWebVss|x86
		{9C92E27D-3DE0-4387-B9E3-9D2887414503}.SZZHSys|Any CPU.ActiveCfg = SZZHSys|Any CPU
		{9C92E27D-3DE0-4387-B9E3-9D2887414503}.SZZHSys|Any CPU.Build.0 = SZZHSys|Any CPU
		{9C92E27D-3DE0-4387-B9E3-9D2887414503}.SZZHSys|x86.ActiveCfg = SZZHSys|x86
		{9C92E27D-3DE0-4387-B9E3-9D2887414503}.SZZHSys|x86.Build.0 = SZZHSys|x86
		{9C92E27D-3DE0-4387-B9E3-9D2887414503}.X86|Any CPU.ActiveCfg = X86|Any CPU
		{9C92E27D-3DE0-4387-B9E3-9D2887414503}.X86|Any CPU.Build.0 = X86|Any CPU
		{9C92E27D-3DE0-4387-B9E3-9D2887414503}.X86|x86.ActiveCfg = X86|x86
		{9C92E27D-3DE0-4387-B9E3-9D2887414503}.X86|x86.Build.0 = X86|x86
		{C855A639-511E-4B4F-8A71-3224083C5D40}.Debug|Any CPU.ActiveCfg = Debug|Any CPU
		{C855A639-511E-4B4F-8A71-3224083C5D40}.Debug|Any CPU.Build.0 = Debug|Any CPU
		{C855A639-511E-4B4F-8A71-3224083C5D40}.Debug|x86.ActiveCfg = Debug|x86
		{C855A639-511E-4B4F-8A71-3224083C5D40}.Debug|x86.Build.0 = Debug|x86
		{C855A639-511E-4B4F-8A71-3224083C5D40}.FsDiSys|Any CPU.ActiveCfg = FsDiSys|Any CPU
		{C855A639-511E-4B4F-8A71-3224083C5D40}.FsDiSys|Any CPU.Build.0 = FsDiSys|Any CPU
		{C855A639-511E-4B4F-8A71-3224083C5D40}.FsDiSys|x86.ActiveCfg = FsDiSys|x86
		{C855A639-511E-4B4F-8A71-3224083C5D40}.FsDiSys|x86.Build.0 = FsDiSys|x86
		{C855A639-511E-4B4F-8A71-3224083C5D40}.FsDiSystem|Any CPU.ActiveCfg = FsDiSystem|Any CPU
		{C855A639-511E-4B4F-8A71-3224083C5D40}.FsDiSystem|Any CPU.Build.0 = FsDiSystem|Any CPU
		{C855A639-511E-4B4F-8A71-3224083C5D40}.FsDiSystem|x86.ActiveCfg = FsDiSystem|x86
		{C855A639-511E-4B4F-8A71-3224083C5D40}.FsDiSystem|x86.Build.0 = FsDiSystem|x86
		{C855A639-511E-4B4F-8A71-3224083C5D40}.JSCASys|Any CPU.ActiveCfg = JSCASys|Any CPU
		{C855A639-511E-4B4F-8A71-3224083C5D40}.JSCASys|Any CPU.Build.0 = JSCASys|Any CPU
		{C855A639-511E-4B4F-8A71-3224083C5D40}.JSCASys|x86.ActiveCfg = JSCASys|x86
		{C855A639-511E-4B4F-8A71-3224083C5D40}.JSCASys|x86.Build.0 = JSCASys|x86
		{C855A639-511E-4B4F-8A71-3224083C5D40}.Release|Any CPU.ActiveCfg = Release|Any CPU
		{C855A639-511E-4B4F-8A71-3224083C5D40}.Release|Any CPU.Build.0 = Release|Any CPU
		{C855A639-511E-4B4F-8A71-3224083C5D40}.Release|x86.ActiveCfg = Release|x86
		{C855A639-511E-4B4F-8A71-3224083C5D40}.Release|x86.Build.0 = Release|x86
		{C855A639-511E-4B4F-8A71-3224083C5D40}.SHThread|Any CPU.ActiveCfg = SHThread|Any CPU
		{C855A639-511E-4B4F-8A71-3224083C5D40}.SHThread|Any CPU.Build.0 = SHThread|Any CPU
		{C855A639-511E-4B4F-8A71-3224083C5D40}.SHThread|x86.ActiveCfg = SHThread|x86
		{C855A639-511E-4B4F-8A71-3224083C5D40}.SHThread|x86.Build.0 = SHThread|x86
		{C855A639-511E-4B4F-8A71-3224083C5D40}.SinoSZWebVss|Any CPU.ActiveCfg = SinoSZWebVss|Any CPU
		{C855A639-511E-4B4F-8A71-3224083C5D40}.SinoSZWebVss|Any CPU.Build.0 = SinoSZWebVss|Any CPU
		{C855A639-511E-4B4F-8A71-3224083C5D40}.SinoSZWebVss|x86.ActiveCfg = SinoSZWebVss|x86
		{C855A639-511E-4B4F-8A71-3224083C5D40}.SinoSZWebVss|x86.Build.0 = SinoSZWebVss|x86
		{C855A639-511E-4B4F-8A71-3224083C5D40}.SZZHSys|Any CPU.ActiveCfg = SZZHSys|Any CPU
		{C855A639-511E-4B4F-8A71-3224083C5D40}.SZZHSys|Any CPU.Build.0 = SZZHSys|Any CPU
		{C855A639-511E-4B4F-8A71-3224083C5D40}.SZZHSys|x86.ActiveCfg = SZZHSys|x86
		{C855A639-511E-4B4F-8A71-3224083C5D40}.SZZHSys|x86.Build.0 = SZZHSys|x86
		{C855A639-511E-4B4F-8A71-3224083C5D40}.X86|Any CPU.ActiveCfg = X86|Any CPU
		{C855A639-511E-4B4F-8A71-3224083C5D40}.X86|Any CPU.Build.0 = X86|Any CPU
		{C855A639-511E-4B4F-8A71-3224083C5D40}.X86|x86.ActiveCfg = X86|x86
		{C855A639-511E-4B4F-8A71-3224083C5D40}.X86|x86.Build.0 = X86|x86
		{8B95B9CE-D75A-4C20-B241-56DB48A71DFB}.Debug|Any CPU.ActiveCfg = Debug|Any CPU
		{8B95B9CE-D75A-4C20-B241-56DB48A71DFB}.Debug|Any CPU.Build.0 = Debug|Any CPU
		{8B95B9CE-D75A-4C20-B241-56DB48A71DFB}.Debug|x86.ActiveCfg = Debug|x86
		{8B95B9CE-D75A-4C20-B241-56DB48A71DFB}.Debug|x86.Build.0 = Debug|x86
		{8B95B9CE-D75A-4C20-B241-56DB48A71DFB}.FsDiSys|Any CPU.ActiveCfg = FsDiSys|Any CPU
		{8B95B9CE-D75A-4C20-B241-56DB48A71DFB}.FsDiSys|Any CPU.Build.0 = FsDiSys|Any CPU
		{8B95B9CE-D75A-4C20-B241-56DB48A71DFB}.FsDiSys|x86.ActiveCfg = FsDiSys|x86
		{8B95B9CE-D75A-4C20-B241-56DB48A71DFB}.FsDiSys|x86.Build.0 = FsDiSys|x86
		{8B95B9CE-D75A-4C20-B241-56DB48A71DFB}.FsDiSystem|Any CPU.ActiveCfg = FsDiSystem|Any CPU
		{8B95B9CE-D75A-4C20-B241-56DB48A71DFB}.FsDiSystem|Any CPU.Build.0 = FsDiSystem|Any CPU
		{8B95B9CE-D75A-4C20-B241-56DB48A71DFB}.FsDiSystem|x86.ActiveCfg = FsDiSystem|x86
		{8B95B9CE-D75A-4C20-B241-56DB48A71DFB}.FsDiSystem|x86.Build.0 = FsDiSystem|x86
		{8B95B9CE-D75A-4C20-B241-56DB48A71DFB}.JSCASys|Any CPU.ActiveCfg = JSCASys|Any CPU
		{8B95B9CE-D75A-4C20-B241-56DB48A71DFB}.JSCASys|Any CPU.Build.0 = JSCASys|Any CPU
		{8B95B9CE-D75A-4C20-B241-56DB48A71DFB}.JSCASys|x86.ActiveCfg = JSCASys|x86
		{8B95B9CE-D75A-4C20-B241-56DB48A71DFB}.JSCASys|x86.Build.0 = JSCASys|x86
		{8B95B9CE-D75A-4C20-B241-56DB48A71DFB}.Release|Any CPU.ActiveCfg = Release|Any CPU
		{8B95B9CE-D75A-4C20-B241-56DB48A71DFB}.Release|Any CPU.Build.0 = Release|Any CPU
		{8B95B9CE-D75A-4C20-B241-56DB48A71DFB}.Release|x86.ActiveCfg = Release|x86
		{8B95B9CE-D75A-4C20-B241-56DB48A71DFB}.Release|x86.Build.0 = Release|x86
		{8B95B9CE-D75A-4C20-B241-56DB48A71DFB}.SHThread|Any CPU.ActiveCfg = SHThread|Any CPU
		{8B95B9CE-D75A-4C20-B241-56DB48A71DFB}.SHThread|Any CPU.Build.0 = SHThread|Any CPU
		{8B95B9CE-D75A-4C20-B241-56DB48A71DFB}.SHThread|x86.ActiveCfg = SHThread|x86
		{8B95B9CE-D75A-4C20-B241-56DB48A71DFB}.SHThread|x86.Build.0 = SHThread|x86
		{8B95B9CE-D75A-4C20-B241-56DB48A71DFB}.SinoSZWebVss|Any CPU.ActiveCfg = SinoSZWebVss|Any CPU
		{8B95B9CE-D75A-4C20-B241-56DB48A71DFB}.SinoSZWebVss|Any CPU.Build.0 = SinoSZWebVss|Any CPU
		{8B95B9CE-D75A-4C20-B241-56DB48A71DFB}.SinoSZWebVss|x86.ActiveCfg = SinoSZWebVss|x86
		{8B95B9CE-D75A-4C20-B241-56DB48A71DFB}.SinoSZWebVss|x86.Build.0 = SinoSZWebVss|x86
		{8B95B9CE-D75A-4C20-B241-56DB48A71DFB}.SZZHSys|Any CPU.ActiveCfg = SZZHSys|Any CPU
		{8B95B9CE-D75A-4C20-B241-56DB48A71DFB}.SZZHSys|Any CPU.Build.0 = SZZHSys|Any CPU
		{8B95B9CE-D75A-4C20-B241-56DB48A71DFB}.SZZHSys|x86.ActiveCfg = SZZHSys|x86
		{8B95B9CE-D75A-4C20-B241-56DB48A71DFB}.SZZHSys|x86.Build.0 = SZZHSys|x86
		{8B95B9CE-D75A-4C20-B241-56DB48A71DFB}.X86|Any CPU.ActiveCfg = X86|Any CPU
		{8B95B9CE-D75A-4C20-B241-56DB48A71DFB}.X86|Any CPU.Build.0 = X86|Any CPU
		{8B95B9CE-D75A-4C20-B241-56DB48A71DFB}.X86|x86.ActiveCfg = X86|x86
		{8B95B9CE-D75A-4C20-B241-56DB48A71DFB}.X86|x86.Build.0 = X86|x86
	EndGlobalSection
	GlobalSection(SolutionProperties) = preSolution
		HideSolutionNode = FALSE
	EndGlobalSection
EndGlobal
